
Microsoft Visual Studio Solution File, Format Version 12.00
# Visual Studio Version 16
VisualStudioVersion = 16.0.30611.23
MinimumVisualStudioVersion = 10.0.40219.1
Project("{9A19103F-16F7-4668-BE54-9A1E7A4F7556}") = "RealmSharper", "RealmSharper\RealmSharper.csproj", "{F04BB245-E416-4C60-9D8D-F7E5AE2625B8}"
EndProject
Project("{9A19103F-16F7-4668-BE54-9A1E7A4F7556}") = "RealmAspNet", "RealmAspNet\RealmAspNet.csproj", "{4943662A-DD33-4E34-9769-54421CC34B3B}"
EndProject
Project("{2150E333-8FDC-42A3-9474-1A3956D46DE8}") = "Solution Items", "Solution Items", "{C44B77EC-44E3-4ACE-B4BE-A167151D1F8C}"
	ProjectSection(SolutionItems) = preProject
		LICENSE.txt = LICENSE.txt
		README.md = README.md
	EndProjectSection
EndProject
Project("{FAE04EC0-301F-11D3-BF4B-00C04F79EFBC}") = "TestCode", "TestCode\TestCode.csproj", "{F7756255-08A2-4D24-9DD5-6C1CB5F5C8D2}"
EndProject
Global
	GlobalSection(SolutionConfigurationPlatforms) = preSolution
		Debug|Any CPU = Debug|Any CPU
		Release|Any CPU = Release|Any CPU
	EndGlobalSection
	GlobalSection(ProjectConfigurationPlatforms) = postSolution
		{F04BB245-E416-4C60-9D8D-F7E5AE2625B8}.Debug|Any CPU.ActiveCfg = Debug|Any CPU
		{F04BB245-E416-4C60-9D8D-F7E5AE2625B8}.Debug|Any CPU.Build.0 = Debug|Any CPU
		{F04BB245-E416-4C60-9D8D-F7E5AE2625B8}.Release|Any CPU.ActiveCfg = Release|Any CPU
		{F04BB245-E416-4C60-9D8D-F7E5AE2625B8}.Release|Any CPU.Build.0 = Release|Any CPU
		{4943662A-DD33-4E34-9769-54421CC34B3B}.Debug|Any CPU.ActiveCfg = Debug|Any CPU
		{4943662A-DD33-4E34-9769-54421CC34B3B}.Debug|Any CPU.Build.0 = Debug|Any CPU
		{4943662A-DD33-4E34-9769-54421CC34B3B}.Release|Any CPU.ActiveCfg = Release|Any CPU
		{4943662A-DD33-4E34-9769-54421CC34B3B}.Release|Any CPU.Build.0 = Release|Any CPU
		{F7756255-08A2-4D24-9DD5-6C1CB5F5C8D2}.Debug|Any CPU.ActiveCfg = Debug|Any CPU
		{F7756255-08A2-4D24-9DD5-6C1CB5F5C8D2}.Debug|Any CPU.Build.0 = Debug|Any CPU
		{F7756255-08A2-4D24-9DD5-6C1CB5F5C8D2}.Release|Any CPU.ActiveCfg = Release|Any CPU
		{F7756255-08A2-4D24-9DD5-6C1CB5F5C8D2}.Release|Any CPU.Build.0 = Release|Any CPU
	EndGlobalSection
	GlobalSection(SolutionProperties) = preSolution
		HideSolutionNode = FALSE
	EndGlobalSection
	GlobalSection(ExtensibilityGlobals) = postSolution
		SolutionGuid = {75163EF1-9A9D-4D68-A032-E7C9E8CE4DDC}
	EndGlobalSection
EndGlobal
